
Microsoft Visual Studio Solution File, Format Version 12.00
# Visual Studio Version 17
VisualStudioVersion = 17.13.35825.156 d17.13
MinimumVisualStudioVersion = 10.0.40219.1
Project("{FAE04EC0-301F-11D3-BF4B-00C04F79EFBC}") = "SHEKL", "SHEKL\SHEKL.csproj", "{CB369D1E-91C2-4EB5-8417-D60C2A70F06C}"
EndProject
Global
	GlobalSection(SolutionConfigurationPlatforms) = preSolution
		Debug|Any CPU = Debug|Any CPU
		Release|Any CPU = Release|Any CPU
	EndGlobalSection
	GlobalSection(ProjectConfigurationPlatforms) = postSolution
		{CB369D1E-91C2-4EB5-8417-D60C2A70F06C}.Debug|Any CPU.ActiveCfg = Debug|Any CPU
		{CB369D1E-91C2-4EB5-8417-D60C2A70F06C}.Debug|Any CPU.Build.0 = Debug|Any CPU
		{CB369D1E-91C2-4EB5-8417-D60C2A70F06C}.Release|Any CPU.ActiveCfg = Release|Any CPU
		{CB369D1E-91C2-4EB5-8417-D60C2A70F06C}.Release|Any CPU.Build.0 = Release|Any CPU
	EndGlobalSection
	GlobalSection(SolutionProperties) = preSolution
		HideSolutionNode = FALSE
	EndGlobalSection
	GlobalSection(ExtensibilityGlobals) = postSolution
		SolutionGuid = {D720EC9D-94F7-4DF0-9AF2-FBE7B32FF40D}
	EndGlobalSection
EndGlobal
